
Microsoft Visual Studio Solution File, Format Version 12.00
# Visual Studio Version 17
VisualStudioVersion = 17.11.35327.3
MinimumVisualStudioVersion = 10.0.40219.1
Project("{FAE04EC0-301F-11D3-BF4B-00C04F79EFBC}") = "06_Arrays", "06_Arrays\06_Arrays.csproj", "{8D37436A-247A-42E4-B3C5-86E1643E0A6F}"
EndProject
Global
	GlobalSection(SolutionConfigurationPlatforms) = preSolution
		Debug|Any CPU = Debug|Any CPU
		Release|Any CPU = Release|Any CPU
	EndGlobalSection
	GlobalSection(ProjectConfigurationPlatforms) = postSolution
		{8D37436A-247A-42E4-B3C5-86E1643E0A6F}.Debug|Any CPU.ActiveCfg = Debug|Any CPU
		{8D37436A-247A-42E4-B3C5-86E1643E0A6F}.Debug|Any CPU.Build.0 = Debug|Any CPU
		{8D37436A-247A-42E4-B3C5-86E1643E0A6F}.Release|Any CPU.ActiveCfg = Release|Any CPU
		{8D37436A-247A-42E4-B3C5-86E1643E0A6F}.Release|Any CPU.Build.0 = Release|Any CPU
	EndGlobalSection
	GlobalSection(SolutionProperties) = preSolution
		HideSolutionNode = FALSE
	EndGlobalSection
	GlobalSection(ExtensibilityGlobals) = postSolution
		SolutionGuid = {D5913F1A-5714-4D94-AB4A-971AD3540FA2}
	EndGlobalSection
EndGlobal
