
Microsoft Visual Studio Solution File, Format Version 12.00
# Visual Studio Version 17
VisualStudioVersion = 17.11.35327.3
MinimumVisualStudioVersion = 10.0.40219.1
Project("{FAE04EC0-301F-11D3-BF4B-00C04F79EFBC}") = "04_Loops", "04_Loops\04_Loops.csproj", "{188093F6-CE4B-4186-B161-7231AC5A3B7E}"
EndProject
Global
	GlobalSection(SolutionConfigurationPlatforms) = preSolution
		Debug|Any CPU = Debug|Any CPU
		Release|Any CPU = Release|Any CPU
	EndGlobalSection
	GlobalSection(ProjectConfigurationPlatforms) = postSolution
		{188093F6-CE4B-4186-B161-7231AC5A3B7E}.Debug|Any CPU.ActiveCfg = Debug|Any CPU
		{188093F6-CE4B-4186-B161-7231AC5A3B7E}.Debug|Any CPU.Build.0 = Debug|Any CPU
		{188093F6-CE4B-4186-B161-7231AC5A3B7E}.Release|Any CPU.ActiveCfg = Release|Any CPU
		{188093F6-CE4B-4186-B161-7231AC5A3B7E}.Release|Any CPU.Build.0 = Release|Any CPU
	EndGlobalSection
	GlobalSection(SolutionProperties) = preSolution
		HideSolutionNode = FALSE
	EndGlobalSection
	GlobalSection(ExtensibilityGlobals) = postSolution
		SolutionGuid = {4E09D643-C65D-45F8-86D0-82AD2E644CF1}
	EndGlobalSection
EndGlobal
