
Microsoft Visual Studio Solution File, Format Version 12.00
# Visual Studio Version 17
VisualStudioVersion = 17.11.35312.102
MinimumVisualStudioVersion = 10.0.40219.1
Project("{FAE04EC0-301F-11D3-BF4B-00C04F79EFBC}") = "01_MainSubjects", "01_MainSubjects\01_MainSubjects.csproj", "{7A77F7B1-3998-413B-AF4C-C4B03D186D65}"
EndProject
Global
	GlobalSection(SolutionConfigurationPlatforms) = preSolution
		Debug|Any CPU = Debug|Any CPU
		Release|Any CPU = Release|Any CPU
	EndGlobalSection
	GlobalSection(ProjectConfigurationPlatforms) = postSolution
		{7A77F7B1-3998-413B-AF4C-C4B03D186D65}.Debug|Any CPU.ActiveCfg = Debug|Any CPU
		{7A77F7B1-3998-413B-AF4C-C4B03D186D65}.Debug|Any CPU.Build.0 = Debug|Any CPU
		{7A77F7B1-3998-413B-AF4C-C4B03D186D65}.Release|Any CPU.ActiveCfg = Release|Any CPU
		{7A77F7B1-3998-413B-AF4C-C4B03D186D65}.Release|Any CPU.Build.0 = Release|Any CPU
	EndGlobalSection
	GlobalSection(SolutionProperties) = preSolution
		HideSolutionNode = FALSE
	EndGlobalSection
	GlobalSection(ExtensibilityGlobals) = postSolution
		SolutionGuid = {60F81FF7-42BA-40DC-AAC6-2932F8442C22}
	EndGlobalSection
EndGlobal
